
Microsoft Visual Studio Solution File, Format Version 12.00
# Visual Studio Version 17
VisualStudioVersion = 17.7.34024.191
MinimumVisualStudioVersion = 10.0.40219.1
Project("{FAE04EC0-301F-11D3-BF4B-00C04F79EFBC}") = "Body-Fatigue-Predict-Rating-ML", "Body-Fatigue-Predict-Rating-ML.csproj", "{351AD941-1FCD-458C-9150-FEDAF3086254}"
EndProject
Global
	GlobalSection(SolutionConfigurationPlatforms) = preSolution
		Debug|Any CPU = Debug|Any CPU
		Release|Any CPU = Release|Any CPU
	EndGlobalSection
	GlobalSection(ProjectConfigurationPlatforms) = postSolution
		{351AD941-1FCD-458C-9150-FEDAF3086254}.Debug|Any CPU.ActiveCfg = Debug|Any CPU
		{351AD941-1FCD-458C-9150-FEDAF3086254}.Debug|Any CPU.Build.0 = Debug|Any CPU
		{351AD941-1FCD-458C-9150-FEDAF3086254}.Release|Any CPU.ActiveCfg = Release|Any CPU
		{351AD941-1FCD-458C-9150-FEDAF3086254}.Release|Any CPU.Build.0 = Release|Any CPU
	EndGlobalSection
	GlobalSection(SolutionProperties) = preSolution
		HideSolutionNode = FALSE
	EndGlobalSection
	GlobalSection(ExtensibilityGlobals) = postSolution
		SolutionGuid = {A8E5F6D6-1009-4C43-8706-FF011D67DC47}
	EndGlobalSection
EndGlobal
